
Microsoft Visual Studio Solution File, Format Version 12.00
# Visual Studio 2013
VisualStudioVersion = 12.0.21005.1
MinimumVisualStudioVersion = 10.0.40219.1
Project("{FAE04EC0-301F-11D3-BF4B-00C04F79EFBC}") = "ProjectApp", "ProjectApp\ProjectApp.csproj", "{ED61B632-35F5-4505-B8FD-7103B3603256}"
EndProject
Global
	GlobalSection(SolutionConfigurationPlatforms) = preSolution
		Debug|Any CPU = Debug|Any CPU
		Release|Any CPU = Release|Any CPU
	EndGlobalSection
	GlobalSection(ProjectConfigurationPlatforms) = postSolution
		{ED61B632-35F5-4505-B8FD-7103B3603256}.Debug|Any CPU.ActiveCfg = Debug|Any CPU
		{ED61B632-35F5-4505-B8FD-7103B3603256}.Debug|Any CPU.Build.0 = Debug|Any CPU
		{ED61B632-35F5-4505-B8FD-7103B3603256}.Release|Any CPU.ActiveCfg = Release|Any CPU
		{ED61B632-35F5-4505-B8FD-7103B3603256}.Release|Any CPU.Build.0 = Release|Any CPU
	EndGlobalSection
	GlobalSection(SolutionProperties) = preSolution
		HideSolutionNode = FALSE
	EndGlobalSection
EndGlobal
